// !$*UTF8*$!
{
	archiveVersion = 1;
	classes = {
	};
	objectVersion = 48;
	objects = {

/* Begin PBXBuildFile section */
		1DCFB5802061F78500EDB7DF /* CYExtensions.h in Headers */ = {isa = PBXBuildFile; fileRef = 1DCFB57E2061F78500EDB7DF /* CYExtensions.h */; settings = {ATTRIBUTES = (Public, ); }; };
		1DCFB58D2061F7A000EDB7DF /* CYExtensionsTests.swift in Sources */ = {isa = PBXBuildFile; fileRef = 1DCFB58C2061F7A000EDB7DF /* CYExtensionsTests.swift */; };
		1DCFB58F2061F7A000EDB7DF /* CYExtensions.framework in Frameworks */ = {isa = PBXBuildFile; fileRef = 1DCFB57B2061F78500EDB7DF /* CYExtensions.framework */; };
		1DCFB5962061F80100EDB7DF /* DoubleExtensions.swift in Sources */ = {isa = PBXBuildFile; fileRef = 1DCFB5952061F80100EDB7DF /* DoubleExtensions.swift */; };
/* End PBXBuildFile section */

/* Begin PBXContainerItemProxy section */
		1DCFB5902061F7A000EDB7DF /* PBXContainerItemProxy */ = {
			isa = PBXContainerItemProxy;
			containerPortal = 1DCFB5722061F78400EDB7DF /* Project object */;
			proxyType = 1;
			remoteGlobalIDString = 1DCFB57A2061F78500EDB7DF;
			remoteInfo = CYExtensions;
		};
/* End PBXContainerItemProxy section */

/* Begin PBXFileReference section */
		1DCFB57B2061F78500EDB7DF /* CYExtensions.framework */ = {isa = PBXFileReference; explicitFileType = wrapper.framework; includeInIndex = 0; path = CYExtensions.framework; sourceTree = BUILT_PRODUCTS_DIR; };
		1DCFB57E2061F78500EDB7DF /* CYExtensions.h */ = {isa = PBXFileReference; lastKnownFileType = sourcecode.c.h; path = CYExtensions.h; sourceTree = "<group>"; };
		1DCFB57F2061F78500EDB7DF /* Info.plist */ = {isa = PBXFileReference; lastKnownFileType = text.plist.xml; path = Info.plist; sourceTree = "<group>"; };
		1DCFB58A2061F7A000EDB7DF /* CYExtensionsTests.xctest */ = {isa = PBXFileReference; explicitFileType = wrapper.cfbundle; includeInIndex = 0; path = CYExtensionsTests.xctest; sourceTree = BUILT_PRODUCTS_DIR; };
		1DCFB58C2061F7A000EDB7DF /* CYExtensionsTests.swift */ = {isa = PBXFileReference; lastKnownFileType = sourcecode.swift; path = CYExtensionsTests.swift; sourceTree = "<group>"; };
		1DCFB58E2061F7A000EDB7DF /* Info.plist */ = {isa = PBXFileReference; lastKnownFileType = text.plist.xml; path = Info.plist; sourceTree = "<group>"; };
		1DCFB5952061F80100EDB7DF /* DoubleExtensions.swift */ = {isa = PBXFileReference; lastKnownFileType = sourcecode.swift; path = DoubleExtensions.swift; sourceTree = "<group>"; };
/* End PBXFileReference section */

/* Begin PBXFrameworksBuildPhase section */
		1DCFB5772061F78500EDB7DF /* Frameworks */ = {
			isa = PBXFrameworksBuildPhase;
			buildActionMask = 2147483647;
			files = (
			);
			runOnlyForDeploymentPostprocessing = 0;
		};
		1DCFB5872061F7A000EDB7DF /* Frameworks */ = {
			isa = PBXFrameworksBuildPhase;
			buildActionMask = 2147483647;
			files = (
				1DCFB58F2061F7A000EDB7DF /* CYExtensions.framework in Frameworks */,
			);
			runOnlyForDeploymentPostprocessing = 0;
		};
/* End PBXFrameworksBuildPhase section */

/* Begin PBXGroup section */
		1DCFB5712061F78400EDB7DF = {
			isa = PBXGroup;
			children = (
				1DCFB57D2061F78500EDB7DF /* CYExtensions */,
				1DCFB58B2061F7A000EDB7DF /* CYExtensionsTests */,
				1DCFB57C2061F78500EDB7DF /* Products */,
			);
			sourceTree = "<group>";
		};
		1DCFB57C2061F78500EDB7DF /* Products */ = {
			isa = PBXGroup;
			children = (
				1DCFB57B2061F78500EDB7DF /* CYExtensions.framework */,
				1DCFB58A2061F7A000EDB7DF /* CYExtensionsTests.xctest */,
			);
			name = Products;
			sourceTree = "<group>";
		};
		1DCFB57D2061F78500EDB7DF /* CYExtensions */ = {
			isa = PBXGroup;
			children = (
				1DCFB57E2061F78500EDB7DF /* CYExtensions.h */,
				1DCFB5952061F80100EDB7DF /* DoubleExtensions.swift */,
				1DCFB57F2061F78500EDB7DF /* Info.plist */,
			);
			path = CYExtensions;
			sourceTree = "<group>";
		};
		1DCFB58B2061F7A000EDB7DF /* CYExtensionsTests */ = {
			isa = PBXGroup;
			children = (
				1DCFB58C2061F7A000EDB7DF /* CYExtensionsTests.swift */,
				1DCFB58E2061F7A000EDB7DF /* Info.plist */,
			);
			path = CYExtensionsTests;
			sourceTree = "<group>";
		};
/* End PBXGroup section */

/* Begin PBXHeadersBuildPhase section */
		1DCFB5782061F78500EDB7DF /* Headers */ = {
			isa = PBXHeadersBuildPhase;
			buildActionMask = 2147483647;
			files = (
				1DCFB5802061F78500EDB7DF /* CYExtensions.h in Headers */,
			);
			runOnlyForDeploymentPostprocessing = 0;
		};
/* End PBXHeadersBuildPhase section */

/* Begin PBXNativeTarget section */
		1DCFB57A2061F78500EDB7DF /* CYExtensions */ = {
			isa = PBXNativeTarget;
			buildConfigurationList = 1DCFB5832061F78500EDB7DF /* Build configuration list for PBXNativeTarget "CYExtensions" */;
			buildPhases = (
				1DCFB5762061F78500EDB7DF /* Sources */,
				1DCFB5772061F78500EDB7DF /* Frameworks */,
				1DCFB5782061F78500EDB7DF /* Headers */,
				1DCFB5792061F78500EDB7DF /* Resources */,
			);
			buildRules = (
			);
			dependencies = (
			);
			name = CYExtensions;
			productName = CYExtensions;
			productReference = 1DCFB57B2061F78500EDB7DF /* CYExtensions.framework */;
			productType = "com.apple.product-type.framework";
		};
		1DCFB5892061F7A000EDB7DF /* CYExtensionsTests */ = {
			isa = PBXNativeTarget;
			buildConfigurationList = 1DCFB5922061F7A000EDB7DF /* Build configuration list for PBXNativeTarget "CYExtensionsTests" */;
			buildPhases = (
				1DCFB5862061F7A000EDB7DF /* Sources */,
				1DCFB5872061F7A000EDB7DF /* Frameworks */,
				1DCFB5882061F7A000EDB7DF /* Resources */,
			);
			buildRules = (
			);
			dependencies = (
				1DCFB5912061F7A000EDB7DF /* PBXTargetDependency */,
			);
			name = CYExtensionsTests;
			productName = CYExtensionsTests;
			productReference = 1DCFB58A2061F7A000EDB7DF /* CYExtensionsTests.xctest */;
			productType = "com.apple.product-type.bundle.unit-test";
		};
/* End PBXNativeTarget section */

/* Begin PBXProject section */
		1DCFB5722061F78400EDB7DF /* Project object */ = {
			isa = PBXProject;
			attributes = {
				LastSwiftUpdateCheck = 0920;
				LastUpgradeCheck = 0920;
				ORGANIZATIONNAME = " 阿友哥";
				TargetAttributes = {
					1DCFB57A2061F78500EDB7DF = {
						CreatedOnToolsVersion = 9.2;
						LastSwiftMigration = 0920;
						ProvisioningStyle = Automatic;
					};
					1DCFB5892061F7A000EDB7DF = {
						CreatedOnToolsVersion = 9.2;
						ProvisioningStyle = Automatic;
					};
				};
			};
			buildConfigurationList = 1DCFB5752061F78400EDB7DF /* Build configuration list for PBXProject "CYExtensions" */;
			compatibilityVersion = "Xcode 8.0";
			developmentRegion = en;
			hasScannedForEncodings = 0;
			knownRegions = (
				en,
			);
			mainGroup = 1DCFB5712061F78400EDB7DF;
			productRefGroup = 1DCFB57C2061F78500EDB7DF /* Products */;
			projectDirPath = "";
			projectRoot = "";
			targets = (
				1DCFB57A2061F78500EDB7DF /* CYExtensions */,
				1DCFB5892061F7A000EDB7DF /* CYExtensionsTests */,
			);
		};
/* End PBXProject section */

/* Begin PBXResourcesBuildPhase section */
		1DCFB5792061F78500EDB7DF /* Resources */ = {
			isa = PBXResourcesBuildPhase;
			buildActionMask = 2147483647;
			files = (
			);
			runOnlyForDeploymentPostprocessing = 0;
		};
		1DCFB5882061F7A000EDB7DF /* Resources */ = {
			isa = PBXResourcesBuildPhase;
			buildActionMask = 2147483647;
			files = (
			);
			runOnlyForDeploymentPostprocessing = 0;
		};
/* End PBXResourcesBuildPhase section */

/* Begin PBXSourcesBuildPhase section */
		1DCFB5762061F78500EDB7DF /* Sources */ = {
			isa = PBXSourcesBuildPhase;
			buildActionMask = 2147483647;
			files = (
				1DCFB5962061F80100EDB7DF /* DoubleExtensions.swift in Sources */,
			);
			runOnlyForDeploymentPostprocessing = 0;
		};
		1DCFB5862061F7A000EDB7DF /* Sources */ = {
			isa = PBXSourcesBuildPhase;
			buildActionMask = 2147483647;
			files = (
				1DCFB58D2061F7A000EDB7DF /* CYExtensionsTests.swift in Sources */,
			);
			runOnlyForDeploymentPostprocessing = 0;
		};
/* End PBXSourcesBuildPhase section */

/* Begin PBXTargetDependency section */
		1DCFB5912061F7A000EDB7DF /* PBXTargetDependency */ = {
			isa = PBXTargetDependency;
			target = 1DCFB57A2061F78500EDB7DF /* CYExtensions */;
			targetProxy = 1DCFB5902061F7A000EDB7DF /* PBXContainerItemProxy */;
		};
/* End PBXTargetDependency section */

/* Begin XCBuildConfiguration section */
		1DCFB5812061F78500EDB7DF /* Debug */ = {
			isa = XCBuildConfiguration;
			buildSettings = {
				ALWAYS_SEARCH_USER_PATHS = NO;
				CLANG_ANALYZER_NONNULL = YES;
				CLANG_ANALYZER_NUMBER_OBJECT_CONVERSION = YES_AGGRESSIVE;
				CLANG_CXX_LANGUAGE_STANDARD = "gnu++14";
				CLANG_CXX_LIBRARY = "libc++";
				CLANG_ENABLE_MODULES = YES;
				CLANG_ENABLE_OBJC_ARC = YES;
				CLANG_WARN_BLOCK_CAPTURE_AUTORELEASING = YES;
				CLANG_WARN_BOOL_CONVERSION = YES;
				CLANG_WARN_COMMA = YES;
				CLANG_WARN_CONSTANT_CONVERSION = YES;
				CLANG_WARN_DIRECT_OBJC_ISA_USAGE = YES_ERROR;
				CLANG_WARN_DOCUMENTATION_COMMENTS = YES;
				CLANG_WARN_EMPTY_BODY = YES;
				CLANG_WARN_ENUM_CONVERSION = YES;
				CLANG_WARN_INFINITE_RECURSION = YES;
				CLANG_WARN_INT_CONVERSION = YES;
				CLANG_WARN_NON_LITERAL_NULL_CONVERSION = YES;
				CLANG_WARN_OBJC_LITERAL_CONVERSION = YES;
				CLANG_WARN_OBJC_ROOT_CLASS = YES_ERROR;
				CLANG_WARN_RANGE_LOOP_ANALYSIS = YES;
				CLANG_WARN_STRICT_PROTOTYPES = YES;
				CLANG_WARN_SUSPICIOUS_MOVE = YES;
				CLANG_WARN_UNGUARDED_AVAILABILITY = YES_AGGRESSIVE;
				CLANG_WARN_UNREACHABLE_CODE = YES;
				CLANG_WARN__DUPLICATE_METHOD_MATCH = YES;
				CODE_SIGN_IDENTITY = "-";
				COPY_PHASE_STRIP = NO;
				CURRENT_PROJECT_VERSION = 1;
				DEBUG_INFORMATION_FORMAT = dwarf;
				ENABLE_STRICT_OBJC_MSGSEND = YES;
				ENABLE_TESTABILITY = YES;
				GCC_C_LANGUAGE_STANDARD = gnu11;
				GCC_DYNAMIC_NO_PIC = NO;
				GCC_NO_COMMON_BLOCKS = YES;
				GCC_OPTIMIZATION_LEVEL = 0;
				GCC_PREPROCESSOR_DEFINITIONS = (
					"DEBUG=1",
					"$(inherited)",
				);
				GCC_WARN_64_TO_32_BIT_CONVERSION = YES;
				GCC_WARN_ABOUT_RETURN_TYPE = YES_ERROR;
				GCC_WARN_UNDECLARED_SELECTOR = YES;
				GCC_WARN_UNINITIALIZED_AUTOS = YES_AGGRESSIVE;
				GCC_WARN_UNUSED_FUNCTION = YES;
				GCC_WARN_UNUSED_VARIABLE = YES;
				MACOSX_DEPLOYMENT_TARGET = 10.13;
				MTL_ENABLE_DEBUG_INFO = YES;
				ONLY_ACTIVE_ARCH = YES;
				SDKROOT = macosx;
				SWIFT_ACTIVE_COMPILATION_CONDITIONS = DEBUG;
				SWIFT_OPTIMIZATION_LEVEL = "-Onone";
				VERSIONING_SYSTEM = "apple-generic";
				VERSION_INFO_PREFIX = "";
			};
			name = Debug;
		};
		1DCFB5822061F78500EDB7DF /* Release */ = {
			isa = XCBuildConfiguration;
			buildSettings = {
				ALWAYS_SEARCH_USER_PATHS = NO;
				CLANG_ANALYZER_NONNULL = YES;
				CLANG_ANALYZER_NUMBER_OBJECT_CONVERSION = YES_AGGRESSIVE;
				CLANG_CXX_LANGUAGE_STANDARD = "gnu++14";
				CLANG_CXX_LIBRARY = "libc++";
				CLANG_ENABLE_MODULES = YES;
				CLANG_ENABLE_OBJC_ARC = YES;
				CLANG_WARN_BLOCK_CAPTURE_AUTORELEASING = YES;
				CLANG_WARN_BOOL_CONVERSION = YES;
				CLANG_WARN_COMMA = YES;
				CLANG_WARN_CONSTANT_CONVERSION = YES;
				CLANG_WARN_DIRECT_OBJC_ISA_USAGE = YES_ERROR;
				CLANG_WARN_DOCUMENTATION_COMMENTS = YES;
				CLANG_WARN_EMPTY_BODY = YES;
				CLANG_WARN_ENUM_CONVERSION = YES;
				CLANG_WARN_INFINITE_RECURSION = YES;
				CLANG_WARN_INT_CONVERSION = YES;
				CLANG_WARN_NON_LITERAL_NULL_CONVERSION = YES;
				CLANG_WARN_OBJC_LITERAL_CONVERSION = YES;
				CLANG_WARN_OBJC_ROOT_CLASS = YES_ERROR;
				CLANG_WARN_RANGE_LOOP_ANALYSIS = YES;
				CLANG_WARN_STRICT_PROTOTYPES = YES;
				CLANG_WARN_SUSPICIOUS_MOVE = YES;
				CLANG_WARN_UNGUARDED_AVAILABILITY = YES_AGGRESSIVE;
				CLANG_WARN_UNREACHABLE_CODE = YES;
				CLANG_WARN__DUPLICATE_METHOD_MATCH = YES;
				CODE_SIGN_IDENTITY = "-";
				COPY_PHASE_STRIP = NO;
				CURRENT_PROJECT_VERSION = 1;
				DEBUG_INFORMATION_FORMAT = "dwarf-with-dsym";
				ENABLE_NS_ASSERTIONS = NO;
				ENABLE_STRICT_OBJC_MSGSEND = YES;
				GCC_C_LANGUAGE_STANDARD = gnu11;
				GCC_NO_COMMON_BLOCKS = YES;
				GCC_WARN_64_TO_32_BIT_CONVERSION = YES;
				GCC_WARN_ABOUT_RETURN_TYPE = YES_ERROR;
				GCC_WARN_UNDECLARED_SELECTOR = YES;
				GCC_WARN_UNINITIALIZED_AUTOS = YES_AGGRESSIVE;
				GCC_WARN_UNUSED_FUNCTION = YES;
				GCC_WARN_UNUSED_VARIABLE = YES;
				MACOSX_DEPLOYMENT_TARGET = 10.13;
				MTL_ENABLE_DEBUG_INFO = NO;
				SDKROOT = macosx;
				SWIFT_OPTIMIZATION_LEVEL = "-Owholemodule";
				VERSIONING_SYSTEM = "apple-generic";
				VERSION_INFO_PREFIX = "";
			};
			name = Release;
		};
		1DCFB5842061F78500EDB7DF /* Debug */ = {
			isa = XCBuildConfiguration;
			buildSettings = {
				CLANG_ENABLE_MODULES = YES;
				CODE_SIGN_IDENTITY = "";
				CODE_SIGN_STYLE = Automatic;
				COMBINE_HIDPI_IMAGES = YES;
				DEFINES_MODULE = YES;
				DYLIB_COMPATIBILITY_VERSION = 1;
				DYLIB_CURRENT_VERSION = 1;
				DYLIB_INSTALL_NAME_BASE = "@rpath";
				FRAMEWORK_VERSION = A;
				INFOPLIST_FILE = CYExtensions/Info.plist;
				INSTALL_PATH = "$(LOCAL_LIBRARY_DIR)/Frameworks";
				LD_RUNPATH_SEARCH_PATHS = "$(inherited) @executable_path/../Frameworks @loader_path/Frameworks";
				PRODUCT_BUNDLE_IDENTIFIER = "com.e-dewin.CYExtensions";
				PRODUCT_NAME = "$(TARGET_NAME:c99extidentifier)";
				SKIP_INSTALL = YES;
				SWIFT_OPTIMIZATION_LEVEL = "-Onone";
				SWIFT_VERSION = 4.0;
			};
			name = Debug;
		};
		1DCFB5852061F78500EDB7DF /* Release */ = {
			isa = XCBuildConfiguration;
			buildSettings = {
				CLANG_ENABLE_MODULES = YES;
				CODE_SIGN_IDENTITY = "";
				CODE_SIGN_STYLE = Automatic;
				COMBINE_HIDPI_IMAGES = YES;
				DEFINES_MODULE = YES;
				DYLIB_COMPATIBILITY_VERSION = 1;
				DYLIB_CURRENT_VERSION = 1;
				DYLIB_INSTALL_NAME_BASE = "@rpath";
				FRAMEWORK_VERSION = A;
				INFOPLIST_FILE = CYExtensions/Info.plist;
				INSTALL_PATH = "$(LOCAL_LIBRARY_DIR)/Frameworks";
				LD_RUNPATH_SEARCH_PATHS = "$(inherited) @executable_path/../Frameworks @loader_path/Frameworks";
				PRODUCT_BUNDLE_IDENTIFIER = "com.e-dewin.CYExtensions";
				PRODUCT_NAME = "$(TARGET_NAME:c99extidentifier)";
				SKIP_INSTALL = YES;
				SWIFT_VERSION = 4.0;
			};
			name = Release;
		};
		1DCFB5932061F7A000EDB7DF /* Debug */ = {
			isa = XCBuildConfiguration;
			buildSettings = {
				ALWAYS_EMBED_SWIFT_STANDARD_LIBRARIES = YES;
				CODE_SIGN_STYLE = Automatic;
				COMBINE_HIDPI_IMAGES = YES;
				INFOPLIST_FILE = CYExtensionsTests/Info.plist;
				LD_RUNPATH_SEARCH_PATHS = "$(inherited) @executable_path/../Frameworks @loader_path/../Frameworks";
				PRODUCT_BUNDLE_IDENTIFIER = "com.e-dewin.CYExtensionsTests";
				PRODUCT_NAME = "$(TARGET_NAME)";
				SWIFT_VERSION = 4.0;
			};
			name = Debug;
		};
		1DCFB5942061F7A000EDB7DF /* Release */ = {
			isa = XCBuildConfiguration;
			buildSettings = {
				ALWAYS_EMBED_SWIFT_STANDARD_LIBRARIES = YES;
				CODE_SIGN_STYLE = Automatic;
				COMBINE_HIDPI_IMAGES = YES;
				INFOPLIST_FILE = CYExtensionsTests/Info.plist;
				LD_RUNPATH_SEARCH_PATHS = "$(inherited) @executable_path/../Frameworks @loader_path/../Frameworks";
				PRODUCT_BUNDLE_IDENTIFIER = "com.e-dewin.CYExtensionsTests";
				PRODUCT_NAME = "$(TARGET_NAME)";
				SWIFT_VERSION = 4.0;
			};
			name = Release;
		};
/* End XCBuildConfiguration section */

/* Begin XCConfigurationList section */
		1DCFB5752061F78400EDB7DF /* Build configuration list for PBXProject "CYExtensions" */ = {
			isa = XCConfigurationList;
			buildConfigurations = (
				1DCFB5812061F78500EDB7DF /* Debug */,
				1DCFB5822061F78500EDB7DF /* Release */,
			);
			defaultConfigurationIsVisible = 0;
			defaultConfigurationName = Release;
		};
		1DCFB5832061F78500EDB7DF /* Build configuration list for PBXNativeTarget "CYExtensions" */ = {
			isa = XCConfigurationList;
			buildConfigurations = (
				1DCFB5842061F78500EDB7DF /* Debug */,
				1DCFB5852061F78500EDB7DF /* Release */,
			);
			defaultConfigurationIsVisible = 0;
			defaultConfigurationName = Release;
		};
		1DCFB5922061F7A000EDB7DF /* Build configuration list for PBXNativeTarget "CYExtensionsTests" */ = {
			isa = XCConfigurationList;
			buildConfigurations = (
				1DCFB5932061F7A000EDB7DF /* Debug */,
				1DCFB5942061F7A000EDB7DF /* Release */,
			);
			defaultConfigurationIsVisible = 0;
			defaultConfigurationName = Release;
		};
/* End XCConfigurationList section */
	};
	rootObject = 1DCFB5722061F78400EDB7DF /* Project object */;
}
